// !$*UTF8*$!
{
	archiveVersion = 1;
	classes = {
	};
	objectVersion = 46;
	objects = {

/* Begin PBXBuildFile section */
		28356C791A95E82C0083749C /* Credits.html in Resources */ = {isa = PBXBuildFile; fileRef = 28356C781A95E82C0083749C /* Credits.html */; };
		28398B1E1A8D924F009BBEBE /* processlist.c in Sources */ = {isa = PBXBuildFile; fileRef = 28398B1D1A8D924F009BBEBE /* processlist.c */; };
		28485C551A84AFF000667ECB /* AppDelegate.swift in Sources */ = {isa = PBXBuildFile; fileRef = 28485C541A84AFF000667ECB /* AppDelegate.swift */; };
		28485C571A84AFF000667ECB /* Images.xcassets in Resources */ = {isa = PBXBuildFile; fileRef = 28485C561A84AFF000667ECB /* Images.xcassets */; };
		28485C5A1A84AFF000667ECB /* MainMenu.xib in Resources */ = {isa = PBXBuildFile; fileRef = 28485C581A84AFF000667ECB /* MainMenu.xib */; };
		28485C661A84AFF100667ECB /* KeyCastTests.swift in Sources */ = {isa = PBXBuildFile; fileRef = 28485C651A84AFF100667ECB /* KeyCastTests.swift */; };
		285ED37E1A888C4E00E97321 /* PreferencesWindowController.swift in Sources */ = {isa = PBXBuildFile; fileRef = 285ED37D1A888C4E00E97321 /* PreferencesWindowController.swift */; };
		286F3C4A1A8DF94800D56393 /* Toast.swift in Sources */ = {isa = PBXBuildFile; fileRef = 286F3C491A8DF94800D56393 /* Toast.swift */; };
		28F478381A8D933800E88A71 /* app.sdef in Resources */ = {isa = PBXBuildFile; fileRef = 28F478371A8D933800E88A71 /* app.sdef */; };
		28F4783E1A8DBB9F00E88A71 /* Utils.swift in Sources */ = {isa = PBXBuildFile; fileRef = 28F4783D1A8DBB9F00E88A71 /* Utils.swift */; };
		28FD3B861A88596600D6A1C4 /* MainView.swift in Sources */ = {isa = PBXBuildFile; fileRef = 28FD3B851A88596600D6A1C4 /* MainView.swift */; };
		74547BE11A8A559D003A079A /* README.md in Sources */ = {isa = PBXBuildFile; fileRef = 74547BE01A8A559D003A079A /* README.md */; };
		74742F7B1A9476F800B6DD89 /* PTHotKey.framework in Frameworks */ = {isa = PBXBuildFile; fileRef = 74742F781A9476CA00B6DD89 /* PTHotKey.framework */; };
		74742F7C1A9476F800B6DD89 /* ShortcutRecorder.framework in Frameworks */ = {isa = PBXBuildFile; fileRef = 74742F761A9476CA00B6DD89 /* ShortcutRecorder.framework */; };
		74742F7E1A9477C600B6DD89 /* ShortcutRecorder.framework in CopyFiles */ = {isa = PBXBuildFile; fileRef = 74742F761A9476CA00B6DD89 /* ShortcutRecorder.framework */; settings = {ATTRIBUTES = (CodeSignOnCopy, RemoveHeadersOnCopy, ); }; };
		74742F7F1A9477C600B6DD89 /* PTHotKey.framework in CopyFiles */ = {isa = PBXBuildFile; fileRef = 74742F781A9476CA00B6DD89 /* PTHotKey.framework */; settings = {ATTRIBUTES = (CodeSignOnCopy, RemoveHeadersOnCopy, ); }; };
		748E2EC91A87AF3100F5B319 /* Accessibility.swift in Sources */ = {isa = PBXBuildFile; fileRef = 748E2EC81A87AF3100F5B319 /* Accessibility.swift */; };
		74FE2A001A962803004F98D5 /* AboutWindowController.swift in Sources */ = {isa = PBXBuildFile; fileRef = 74FE29FF1A962803004F98D5 /* AboutWindowController.swift */; };
/* End PBXBuildFile section */

/* Begin PBXContainerItemProxy section */
		28485C601A84AFF100667ECB /* PBXContainerItemProxy */ = {
			isa = PBXContainerItemProxy;
			containerPortal = 28485C471A84AFF000667ECB /* Project object */;
			proxyType = 1;
			remoteGlobalIDString = 28485C4E1A84AFF000667ECB;
			remoteInfo = KeyCast;
		};
		74742F751A9476CA00B6DD89 /* PBXContainerItemProxy */ = {
			isa = PBXContainerItemProxy;
			containerPortal = 74742F6F1A9476C900B6DD89 /* ShortcutRecorder.xcodeproj */;
			proxyType = 2;
			remoteGlobalIDString = 939837800DA42965007F53F3;
			remoteInfo = ShortcutRecorder.framework;
		};
		74742F771A9476CA00B6DD89 /* PBXContainerItemProxy */ = {
			isa = PBXContainerItemProxy;
			containerPortal = 74742F6F1A9476C900B6DD89 /* ShortcutRecorder.xcodeproj */;
			proxyType = 2;
			remoteGlobalIDString = E273122E1349EC9000A84433;
			remoteInfo = PTHotKey.framework;
		};
		74742F791A9476CA00B6DD89 /* PBXContainerItemProxy */ = {
			isa = PBXContainerItemProxy;
			containerPortal = 74742F6F1A9476C900B6DD89 /* ShortcutRecorder.xcodeproj */;
			proxyType = 2;
			remoteGlobalIDString = 0D6B2468180304DE00CE1142;
			remoteInfo = Demo;
		};
/* End PBXContainerItemProxy section */

/* Begin PBXCopyFilesBuildPhase section */
		74742F7D1A94779500B6DD89 /* CopyFiles */ = {
			isa = PBXCopyFilesBuildPhase;
			buildActionMask = 2147483647;
			dstPath = "";
			dstSubfolderSpec = 10;
			files = (
				74742F7E1A9477C600B6DD89 /* ShortcutRecorder.framework in CopyFiles */,
				74742F7F1A9477C600B6DD89 /* PTHotKey.framework in CopyFiles */,
			);
			runOnlyForDeploymentPostprocessing = 0;
		};
/* End PBXCopyFilesBuildPhase section */

/* Begin PBXFileReference section */
		282BCF531A8A0C1200472C8A /* KeyCast-Bridging-Header.h */ = {isa = PBXFileReference; lastKnownFileType = sourcecode.c.h; path = "KeyCast-Bridging-Header.h"; sourceTree = "<group>"; };
		282BCF551A8A0C1300472C8A /* processlist.h */ = {isa = PBXFileReference; fileEncoding = 4; lastKnownFileType = sourcecode.c.h; path = processlist.h; sourceTree = "<group>"; };
		28356C781A95E82C0083749C /* Credits.html */ = {isa = PBXFileReference; fileEncoding = 4; lastKnownFileType = text.html; path = Credits.html; sourceTree = "<group>"; };
		28398B1D1A8D924F009BBEBE /* processlist.c */ = {isa = PBXFileReference; fileEncoding = 4; lastKnownFileType = sourcecode.c.c; path = processlist.c; sourceTree = "<group>"; };
		28485C4F1A84AFF000667ECB /* KeyCast.app */ = {isa = PBXFileReference; explicitFileType = wrapper.application; includeInIndex = 0; path = KeyCast.app; sourceTree = BUILT_PRODUCTS_DIR; };
		28485C531A84AFF000667ECB /* Info.plist */ = {isa = PBXFileReference; lastKnownFileType = text.plist.xml; path = Info.plist; sourceTree = "<group>"; };
		28485C541A84AFF000667ECB /* AppDelegate.swift */ = {isa = PBXFileReference; lastKnownFileType = sourcecode.swift; path = AppDelegate.swift; sourceTree = "<group>"; };
		28485C561A84AFF000667ECB /* Images.xcassets */ = {isa = PBXFileReference; lastKnownFileType = folder.assetcatalog; path = Images.xcassets; sourceTree = "<group>"; };
		28485C591A84AFF000667ECB /* Base */ = {isa = PBXFileReference; lastKnownFileType = file.xib; name = Base; path = Base.lproj/MainMenu.xib; sourceTree = "<group>"; };
		28485C5F1A84AFF100667ECB /* KeyCastTests.xctest */ = {isa = PBXFileReference; explicitFileType = wrapper.cfbundle; includeInIndex = 0; path = KeyCastTests.xctest; sourceTree = BUILT_PRODUCTS_DIR; };
		28485C641A84AFF100667ECB /* Info.plist */ = {isa = PBXFileReference; lastKnownFileType = text.plist.xml; path = Info.plist; sourceTree = "<group>"; };
		28485C651A84AFF100667ECB /* KeyCastTests.swift */ = {isa = PBXFileReference; lastKnownFileType = sourcecode.swift; path = KeyCastTests.swift; sourceTree = "<group>"; };
		285ED37D1A888C4E00E97321 /* PreferencesWindowController.swift */ = {isa = PBXFileReference; fileEncoding = 4; lastKnownFileType = sourcecode.swift; path = PreferencesWindowController.swift; sourceTree = "<group>"; };
		286F3C491A8DF94800D56393 /* Toast.swift */ = {isa = PBXFileReference; fileEncoding = 4; lastKnownFileType = sourcecode.swift; path = Toast.swift; sourceTree = "<group>"; };
		28F478371A8D933800E88A71 /* app.sdef */ = {isa = PBXFileReference; fileEncoding = 4; lastKnownFileType = text; path = app.sdef; sourceTree = "<group>"; };
		28F4783D1A8DBB9F00E88A71 /* Utils.swift */ = {isa = PBXFileReference; fileEncoding = 4; lastKnownFileType = sourcecode.swift; path = Utils.swift; sourceTree = "<group>"; };
		28FD3B851A88596600D6A1C4 /* MainView.swift */ = {isa = PBXFileReference; fileEncoding = 4; lastKnownFileType = sourcecode.swift; path = MainView.swift; sourceTree = "<group>"; };
		74547BE01A8A559D003A079A /* README.md */ = {isa = PBXFileReference; fileEncoding = 4; lastKnownFileType = net.daringfireball.markdown; path = README.md; sourceTree = "<group>"; };
		74742F6F1A9476C900B6DD89 /* ShortcutRecorder.xcodeproj */ = {isa = PBXFileReference; lastKnownFileType = "wrapper.pb-project"; name = ShortcutRecorder.xcodeproj; path = ShortcutRecorder/ShortcutRecorder.xcodeproj; sourceTree = SOURCE_ROOT; };
		748E2EC81A87AF3100F5B319 /* Accessibility.swift */ = {isa = PBXFileReference; fileEncoding = 4; lastKnownFileType = sourcecode.swift; path = Accessibility.swift; sourceTree = "<group>"; };
		74FE29FF1A962803004F98D5 /* AboutWindowController.swift */ = {isa = PBXFileReference; fileEncoding = 4; lastKnownFileType = sourcecode.swift; path = AboutWindowController.swift; sourceTree = "<group>"; };
/* End PBXFileReference section */

/* Begin PBXFrameworksBuildPhase section */
		28485C4C1A84AFF000667ECB /* Frameworks */ = {
			isa = PBXFrameworksBuildPhase;
			buildActionMask = 2147483647;
			files = (
				74742F7B1A9476F800B6DD89 /* PTHotKey.framework in Frameworks */,
				74742F7C1A9476F800B6DD89 /* ShortcutRecorder.framework in Frameworks */,
			);
			runOnlyForDeploymentPostprocessing = 0;
		};
		28485C5C1A84AFF100667ECB /* Frameworks */ = {
			isa = PBXFrameworksBuildPhase;
			buildActionMask = 2147483647;
			files = (
			);
			runOnlyForDeploymentPostprocessing = 0;
		};
/* End PBXFrameworksBuildPhase section */

/* Begin PBXGroup section */
		28485C461A84AFF000667ECB = {
			isa = PBXGroup;
			children = (
				28485C511A84AFF000667ECB /* KeyCast */,
				28485C621A84AFF100667ECB /* KeyCastTests */,
				28485C501A84AFF000667ECB /* Products */,
			);
			sourceTree = "<group>";
		};
		28485C501A84AFF000667ECB /* Products */ = {
			isa = PBXGroup;
			children = (
				28485C4F1A84AFF000667ECB /* KeyCast.app */,
				28485C5F1A84AFF100667ECB /* KeyCastTests.xctest */,
			);
			name = Products;
			sourceTree = "<group>";
		};
		28485C511A84AFF000667ECB /* KeyCast */ = {
			isa = PBXGroup;
			children = (
				28485C541A84AFF000667ECB /* AppDelegate.swift */,
				74742F6F1A9476C900B6DD89 /* ShortcutRecorder.xcodeproj */,
				74547BE01A8A559D003A079A /* README.md */,
				28398B1D1A8D924F009BBEBE /* processlist.c */,
				282BCF551A8A0C1300472C8A /* processlist.h */,
				28485C561A84AFF000667ECB /* Images.xcassets */,
				28485C581A84AFF000667ECB /* MainMenu.xib */,
				28485C521A84AFF000667ECB /* Supporting Files */,
				748E2EC81A87AF3100F5B319 /* Accessibility.swift */,
				28FD3B851A88596600D6A1C4 /* MainView.swift */,
				285ED37D1A888C4E00E97321 /* PreferencesWindowController.swift */,
				282BCF531A8A0C1200472C8A /* KeyCast-Bridging-Header.h */,
				28F478371A8D933800E88A71 /* app.sdef */,
				28F4783D1A8DBB9F00E88A71 /* Utils.swift */,
				286F3C491A8DF94800D56393 /* Toast.swift */,
				28356C781A95E82C0083749C /* Credits.html */,
				74FE29FF1A962803004F98D5 /* AboutWindowController.swift */,
			);
			path = KeyCast;
			sourceTree = "<group>";
		};
		28485C521A84AFF000667ECB /* Supporting Files */ = {
			isa = PBXGroup;
			children = (
				28485C531A84AFF000667ECB /* Info.plist */,
			);
			name = "Supporting Files";
			sourceTree = "<group>";
		};
		28485C621A84AFF100667ECB /* KeyCastTests */ = {
			isa = PBXGroup;
			children = (
				28485C651A84AFF100667ECB /* KeyCastTests.swift */,
				28485C631A84AFF100667ECB /* Supporting Files */,
			);
			path = KeyCastTests;
			sourceTree = "<group>";
		};
		28485C631A84AFF100667ECB /* Supporting Files */ = {
			isa = PBXGroup;
			children = (
				28485C641A84AFF100667ECB /* Info.plist */,
			);
			name = "Supporting Files";
			sourceTree = "<group>";
		};
		74742F701A9476C900B6DD89 /* Products */ = {
			isa = PBXGroup;
			children = (
				74742F761A9476CA00B6DD89 /* ShortcutRecorder.framework */,
				74742F781A9476CA00B6DD89 /* PTHotKey.framework */,
				74742F7A1A9476CA00B6DD89 /* Demo.app */,
			);
			name = Products;
			sourceTree = "<group>";
		};
/* End PBXGroup section */

/* Begin PBXNativeTarget section */
		28485C4E1A84AFF000667ECB /* KeyCast */ = {
			isa = PBXNativeTarget;
			buildConfigurationList = 28485C691A84AFF100667ECB /* Build configuration list for PBXNativeTarget "KeyCast" */;
			buildPhases = (
				28485C4B1A84AFF000667ECB /* Sources */,
				28485C4C1A84AFF000667ECB /* Frameworks */,
				28485C4D1A84AFF000667ECB /* Resources */,
				74742F7D1A94779500B6DD89 /* CopyFiles */,
			);
			buildRules = (
			);
			dependencies = (
			);
			name = KeyCast;
			productName = KeyCast;
			productReference = 28485C4F1A84AFF000667ECB /* KeyCast.app */;
			productType = "com.apple.product-type.application";
		};
		28485C5E1A84AFF100667ECB /* KeyCastTests */ = {
			isa = PBXNativeTarget;
			buildConfigurationList = 28485C6C1A84AFF100667ECB /* Build configuration list for PBXNativeTarget "KeyCastTests" */;
			buildPhases = (
				28485C5B1A84AFF100667ECB /* Sources */,
				28485C5C1A84AFF100667ECB /* Frameworks */,
				28485C5D1A84AFF100667ECB /* Resources */,
			);
			buildRules = (
			);
			dependencies = (
				28485C611A84AFF100667ECB /* PBXTargetDependency */,
			);
			name = KeyCastTests;
			productName = KeyCastTests;
			productReference = 28485C5F1A84AFF100667ECB /* KeyCastTests.xctest */;
			productType = "com.apple.product-type.bundle.unit-test";
		};
/* End PBXNativeTarget section */

/* Begin PBXProject section */
		28485C471A84AFF000667ECB /* Project object */ = {
			isa = PBXProject;
			attributes = {
				LastUpgradeCheck = 0610;
				ORGANIZATIONNAME = cho45;
				TargetAttributes = {
					28485C4E1A84AFF000667ECB = {
						CreatedOnToolsVersion = 6.1.1;
						SystemCapabilities = {
							com.apple.Sandbox = {
								enabled = 0;
							};
						};
					};
					28485C5E1A84AFF100667ECB = {
						CreatedOnToolsVersion = 6.1.1;
						TestTargetID = 28485C4E1A84AFF000667ECB;
					};
				};
			};
			buildConfigurationList = 28485C4A1A84AFF000667ECB /* Build configuration list for PBXProject "KeyCast" */;
			compatibilityVersion = "Xcode 3.2";
			developmentRegion = English;
			hasScannedForEncodings = 0;
			knownRegions = (
				en,
				Base,
			);
			mainGroup = 28485C461A84AFF000667ECB;
			productRefGroup = 28485C501A84AFF000667ECB /* Products */;
			projectDirPath = "";
			projectReferences = (
				{
					ProductGroup = 74742F701A9476C900B6DD89 /* Products */;
					ProjectRef = 74742F6F1A9476C900B6DD89 /* ShortcutRecorder.xcodeproj */;
				},
			);
			projectRoot = "";
			targets = (
				28485C4E1A84AFF000667ECB /* KeyCast */,
				28485C5E1A84AFF100667ECB /* KeyCastTests */,
			);
		};
/* End PBXProject section */

/* Begin PBXReferenceProxy section */
		74742F761A9476CA00B6DD89 /* ShortcutRecorder.framework */ = {
			isa = PBXReferenceProxy;
			fileType = wrapper.framework;
			path = ShortcutRecorder.framework;
			remoteRef = 74742F751A9476CA00B6DD89 /* PBXContainerItemProxy */;
			sourceTree = BUILT_PRODUCTS_DIR;
		};
		74742F781A9476CA00B6DD89 /* PTHotKey.framework */ = {
			isa = PBXReferenceProxy;
			fileType = wrapper.framework;
			path = PTHotKey.framework;
			remoteRef = 74742F771A9476CA00B6DD89 /* PBXContainerItemProxy */;
			sourceTree = BUILT_PRODUCTS_DIR;
		};
		74742F7A1A9476CA00B6DD89 /* Demo.app */ = {
			isa = PBXReferenceProxy;
			fileType = wrapper.application;
			path = Demo.app;
			remoteRef = 74742F791A9476CA00B6DD89 /* PBXContainerItemProxy */;
			sourceTree = BUILT_PRODUCTS_DIR;
		};
/* End PBXReferenceProxy section */

/* Begin PBXResourcesBuildPhase section */
		28485C4D1A84AFF000667ECB /* Resources */ = {
			isa = PBXResourcesBuildPhase;
			buildActionMask = 2147483647;
			files = (
				28F478381A8D933800E88A71 /* app.sdef in Resources */,
				28356C791A95E82C0083749C /* Credits.html in Resources */,
				28485C571A84AFF000667ECB /* Images.xcassets in Resources */,
				28485C5A1A84AFF000667ECB /* MainMenu.xib in Resources */,
			);
			runOnlyForDeploymentPostprocessing = 0;
		};
		28485C5D1A84AFF100667ECB /* Resources */ = {
			isa = PBXResourcesBuildPhase;
			buildActionMask = 2147483647;
			files = (
			);
			runOnlyForDeploymentPostprocessing = 0;
		};
/* End PBXResourcesBuildPhase section */

/* Begin PBXSourcesBuildPhase section */
		28485C4B1A84AFF000667ECB /* Sources */ = {
			isa = PBXSourcesBuildPhase;
			buildActionMask = 2147483647;
			files = (
				748E2EC91A87AF3100F5B319 /* Accessibility.swift in Sources */,
				286F3C4A1A8DF94800D56393 /* Toast.swift in Sources */,
				28398B1E1A8D924F009BBEBE /* processlist.c in Sources */,
				28FD3B861A88596600D6A1C4 /* MainView.swift in Sources */,
				28F4783E1A8DBB9F00E88A71 /* Utils.swift in Sources */,
				74547BE11A8A559D003A079A /* README.md in Sources */,
				74FE2A001A962803004F98D5 /* AboutWindowController.swift in Sources */,
				285ED37E1A888C4E00E97321 /* PreferencesWindowController.swift in Sources */,
				28485C551A84AFF000667ECB /* AppDelegate.swift in Sources */,
			);
			runOnlyForDeploymentPostprocessing = 0;
		};
		28485C5B1A84AFF100667ECB /* Sources */ = {
			isa = PBXSourcesBuildPhase;
			buildActionMask = 2147483647;
			files = (
				28485C661A84AFF100667ECB /* KeyCastTests.swift in Sources */,
			);
			runOnlyForDeploymentPostprocessing = 0;
		};
/* End PBXSourcesBuildPhase section */

/* Begin PBXTargetDependency section */
		28485C611A84AFF100667ECB /* PBXTargetDependency */ = {
			isa = PBXTargetDependency;
			target = 28485C4E1A84AFF000667ECB /* KeyCast */;
			targetProxy = 28485C601A84AFF100667ECB /* PBXContainerItemProxy */;
		};
/* End PBXTargetDependency section */

/* Begin PBXVariantGroup section */
		28485C581A84AFF000667ECB /* MainMenu.xib */ = {
			isa = PBXVariantGroup;
			children = (
				28485C591A84AFF000667ECB /* Base */,
			);
			name = MainMenu.xib;
			sourceTree = "<group>";
		};
/* End PBXVariantGroup section */

/* Begin XCBuildConfiguration section */
		28485C671A84AFF100667ECB /* Debug */ = {
			isa = XCBuildConfiguration;
			buildSettings = {
				ALWAYS_SEARCH_USER_PATHS = NO;
				CLANG_CXX_LANGUAGE_STANDARD = "gnu++0x";
				CLANG_CXX_LIBRARY = "libc++";
				CLANG_ENABLE_MODULES = YES;
				CLANG_ENABLE_OBJC_ARC = YES;
				CLANG_WARN_BOOL_CONVERSION = YES;
				CLANG_WARN_CONSTANT_CONVERSION = YES;
				CLANG_WARN_DIRECT_OBJC_ISA_USAGE = YES_ERROR;
				CLANG_WARN_EMPTY_BODY = YES;
				CLANG_WARN_ENUM_CONVERSION = YES;
				CLANG_WARN_INT_CONVERSION = YES;
				CLANG_WARN_OBJC_ROOT_CLASS = YES_ERROR;
				CLANG_WARN_UNREACHABLE_CODE = YES;
				CLANG_WARN__DUPLICATE_METHOD_MATCH = YES;
				CODE_SIGN_IDENTITY = "-";
				COPY_PHASE_STRIP = NO;
				ENABLE_STRICT_OBJC_MSGSEND = YES;
				GCC_C_LANGUAGE_STANDARD = gnu99;
				GCC_DYNAMIC_NO_PIC = NO;
				GCC_OPTIMIZATION_LEVEL = 0;
				GCC_PREPROCESSOR_DEFINITIONS = (
					"DEBUG=1",
					"$(inherited)",
				);
				GCC_SYMBOLS_PRIVATE_EXTERN = NO;
				GCC_WARN_64_TO_32_BIT_CONVERSION = YES;
				GCC_WARN_ABOUT_RETURN_TYPE = YES_ERROR;
				GCC_WARN_UNDECLARED_SELECTOR = YES;
				GCC_WARN_UNINITIALIZED_AUTOS = YES_AGGRESSIVE;
				GCC_WARN_UNUSED_FUNCTION = YES;
				GCC_WARN_UNUSED_VARIABLE = YES;
				MACOSX_DEPLOYMENT_TARGET = 10.9;
				MTL_ENABLE_DEBUG_INFO = YES;
				ONLY_ACTIVE_ARCH = YES;
				SDKROOT = macosx;
				SWIFT_OPTIMIZATION_LEVEL = "-Onone";
			};
			name = Debug;
		};
		28485C681A84AFF100667ECB /* Release */ = {
			isa = XCBuildConfiguration;
			buildSettings = {
				ALWAYS_SEARCH_USER_PATHS = NO;
				CLANG_CXX_LANGUAGE_STANDARD = "gnu++0x";
				CLANG_CXX_LIBRARY = "libc++";
				CLANG_ENABLE_MODULES = YES;
				CLANG_ENABLE_OBJC_ARC = YES;
				CLANG_WARN_BOOL_CONVERSION = YES;
				CLANG_WARN_CONSTANT_CONVERSION = YES;
				CLANG_WARN_DIRECT_OBJC_ISA_USAGE = YES_ERROR;
				CLANG_WARN_EMPTY_BODY = YES;
				CLANG_WARN_ENUM_CONVERSION = YES;
				CLANG_WARN_INT_CONVERSION = YES;
				CLANG_WARN_OBJC_ROOT_CLASS = YES_ERROR;
				CLANG_WARN_UNREACHABLE_CODE = YES;
				CLANG_WARN__DUPLICATE_METHOD_MATCH = YES;
				CODE_SIGN_IDENTITY = "-";
				COPY_PHASE_STRIP = YES;
				DEBUG_INFORMATION_FORMAT = "dwarf-with-dsym";
				ENABLE_NS_ASSERTIONS = NO;
				ENABLE_STRICT_OBJC_MSGSEND = YES;
				GCC_C_LANGUAGE_STANDARD = gnu99;
				GCC_WARN_64_TO_32_BIT_CONVERSION = YES;
				GCC_WARN_ABOUT_RETURN_TYPE = YES_ERROR;
				GCC_WARN_UNDECLARED_SELECTOR = YES;
				GCC_WARN_UNINITIALIZED_AUTOS = YES_AGGRESSIVE;
				GCC_WARN_UNUSED_FUNCTION = YES;
				GCC_WARN_UNUSED_VARIABLE = YES;
				MACOSX_DEPLOYMENT_TARGET = 10.9;
				MTL_ENABLE_DEBUG_INFO = NO;
				SDKROOT = macosx;
			};
			name = Release;
		};
		28485C6A1A84AFF100667ECB /* Debug */ = {
			isa = XCBuildConfiguration;
			buildSettings = {
				ASSETCATALOG_COMPILER_APPICON_NAME = AppIcon;
				CLANG_ENABLE_MODULES = YES;
				COMBINE_HIDPI_IMAGES = YES;
				INFOPLIST_FILE = KeyCast/Info.plist;
				LD_RUNPATH_SEARCH_PATHS = "$(inherited) @executable_path/../Frameworks";
				PRODUCT_NAME = "$(TARGET_NAME)";
				SWIFT_OBJC_BRIDGING_HEADER = "KeyCast/KeyCast-Bridging-Header.h";
				SWIFT_OPTIMIZATION_LEVEL = "-Onone";
			};
			name = Debug;
		};
		28485C6B1A84AFF100667ECB /* Release */ = {
			isa = XCBuildConfiguration;
			buildSettings = {
				ASSETCATALOG_COMPILER_APPICON_NAME = AppIcon;
				CLANG_ENABLE_MODULES = YES;
				COMBINE_HIDPI_IMAGES = YES;
				INFOPLIST_FILE = KeyCast/Info.plist;
				LD_RUNPATH_SEARCH_PATHS = "$(inherited) @executable_path/../Frameworks";
				PRODUCT_NAME = "$(TARGET_NAME)";
				SWIFT_OBJC_BRIDGING_HEADER = "KeyCast/KeyCast-Bridging-Header.h";
			};
			name = Release;
		};
		28485C6D1A84AFF100667ECB /* Debug */ = {
			isa = XCBuildConfiguration;
			buildSettings = {
				BUNDLE_LOADER = "$(TEST_HOST)";
				COMBINE_HIDPI_IMAGES = YES;
				FRAMEWORK_SEARCH_PATHS = (
					"$(DEVELOPER_FRAMEWORKS_DIR)",
					"$(inherited)",
				);
				GCC_PREPROCESSOR_DEFINITIONS = (
					"DEBUG=1",
					"$(inherited)",
				);
				INFOPLIST_FILE = KeyCastTests/Info.plist;
				LD_RUNPATH_SEARCH_PATHS = "$(inherited) @executable_path/../Frameworks @loader_path/../Frameworks";
				PRODUCT_NAME = "$(TARGET_NAME)";
				TEST_HOST = "$(BUILT_PRODUCTS_DIR)/KeyCast.app/Contents/MacOS/KeyCast";
			};
			name = Debug;
		};
		28485C6E1A84AFF100667ECB /* Release */ = {
			isa = XCBuildConfiguration;
			buildSettings = {
				BUNDLE_LOADER = "$(TEST_HOST)";
				COMBINE_HIDPI_IMAGES = YES;
				FRAMEWORK_SEARCH_PATHS = (
					"$(DEVELOPER_FRAMEWORKS_DIR)",
					"$(inherited)",
				);
				INFOPLIST_FILE = KeyCastTests/Info.plist;
				LD_RUNPATH_SEARCH_PATHS = "$(inherited) @executable_path/../Frameworks @loader_path/../Frameworks";
				PRODUCT_NAME = "$(TARGET_NAME)";
				TEST_HOST = "$(BUILT_PRODUCTS_DIR)/KeyCast.app/Contents/MacOS/KeyCast";
			};
			name = Release;
		};
/* End XCBuildConfiguration section */

/* Begin XCConfigurationList section */
		28485C4A1A84AFF000667ECB /* Build configuration list for PBXProject "KeyCast" */ = {
			isa = XCConfigurationList;
			buildConfigurations = (
				28485C671A84AFF100667ECB /* Debug */,
				28485C681A84AFF100667ECB /* Release */,
			);
			defaultConfigurationIsVisible = 0;
			defaultConfigurationName = Release;
		};
		28485C691A84AFF100667ECB /* Build configuration list for PBXNativeTarget "KeyCast" */ = {
			isa = XCConfigurationList;
			buildConfigurations = (
				28485C6A1A84AFF100667ECB /* Debug */,
				28485C6B1A84AFF100667ECB /* Release */,
			);
			defaultConfigurationIsVisible = 0;
			defaultConfigurationName = Release;
		};
		28485C6C1A84AFF100667ECB /* Build configuration list for PBXNativeTarget "KeyCastTests" */ = {
			isa = XCConfigurationList;
			buildConfigurations = (
				28485C6D1A84AFF100667ECB /* Debug */,
				28485C6E1A84AFF100667ECB /* Release */,
			);
			defaultConfigurationIsVisible = 0;
			defaultConfigurationName = Release;
		};
/* End XCConfigurationList section */
	};
	rootObject = 28485C471A84AFF000667ECB /* Project object */;
}
